lockVersion: 2.0.0
id: f059d6b3-9bbe-4406-b3e2-e5e9eddeeb6c
management:
  docChecksum: a304baf139761ebfcc7f929d9b78cb39
  docVersion: 1.0.0
  speakeasyVersion: internal
  generationVersion: 2.233.2
  releaseVersion: 0.16.2
  configChecksum: 5af9966fce8e51727c8a5ed3cffc5092
  repoURL: https://github.com/speakeasy-sdks/terraform-provider-preset.git
  repoSubDirectory: .
  published: true
features:
  terraform:
    core: 3.8.2
    globalSecurity: 2.81.2
    globalServerURLs: 2.82.1
generatedFiles:
  - internal/sdk/supersetapisopensourcegreaterthanannotationlayers.go
  - internal/sdk/supersetapisopensourcegreaterthanassets.go
  - internal/sdk/supersetapisopensourcegreaterthancharts.go
  - internal/sdk/supersetapisopensourcegreaterthandashboards.go
  - internal/sdk/supersetapisopensourcegreaterthandatabases.go
  - internal/sdk/supersetapisopensourcegreaterthandatasets.go
  - internal/sdk/supersetapisopensourcegreaterthanqueries.go
  - internal/sdk/supersetapisopensourcegreaterthanalertsandreports.go
  - internal/sdk/supersetapisopensourcegreaterthansqllab.go
  - internal/sdk/presetmanagerapisgreaterthanembedded.go
  - internal/sdk/authentication.go
  - internal/sdk/presetmanagerapisgreaterthanteams.go
  - internal/sdk/presetmanagerapisgreaterthanpermissions.go
  - internal/sdk/presetmanagerapisgreaterthanworkspaces.go
  - internal/sdk/sdk.go
  - examples/README.md
  - go.mod
  - go.sum
  - internal/planmodifiers/boolplanmodifier/suppress_diff.go
  - internal/planmodifiers/float64planmodifier/suppress_diff.go
  - internal/planmodifiers/int64planmodifier/suppress_diff.go
  - internal/planmodifiers/listplanmodifier/suppress_diff.go
  - internal/planmodifiers/mapplanmodifier/suppress_diff.go
  - internal/planmodifiers/numberplanmodifier/suppress_diff.go
  - internal/planmodifiers/objectplanmodifier/suppress_diff.go
  - internal/planmodifiers/setplanmodifier/suppress_diff.go
  - internal/planmodifiers/stringplanmodifier/suppress_diff.go
  - internal/planmodifiers/utils/state_check.go
  - internal/provider/reflect/diags.go
  - internal/provider/reflect/doc.go
  - internal/provider/reflect/generic_attr_value.go
  - internal/provider/reflect/helpers.go
  - internal/provider/reflect/interfaces.go
  - internal/provider/reflect/into.go
  - internal/provider/reflect/map.go
  - internal/provider/reflect/number.go
  - internal/provider/reflect/options.go
  - internal/provider/reflect/outof.go
  - internal/provider/reflect/pointer.go
  - internal/provider/reflect/primitive.go
  - internal/provider/reflect/slice.go
  - internal/provider/reflect/struct.go
  - internal/provider/utils.go
  - internal/sdk/pkg/models/sdkerrors/sdkerror.go
  - internal/sdk/pkg/types/bigint.go
  - internal/sdk/pkg/types/date.go
  - internal/sdk/pkg/types/datetime.go
  - internal/sdk/pkg/types/decimal.go
  - internal/sdk/pkg/types/pointers.go
  - internal/sdk/pkg/utils/contenttype.go
  - internal/sdk/pkg/utils/form.go
  - internal/sdk/pkg/utils/headers.go
  - internal/sdk/pkg/utils/json.go
  - internal/sdk/pkg/utils/pathparams.go
  - internal/sdk/pkg/utils/queryparams.go
  - internal/sdk/pkg/utils/requestbody.go
  - internal/sdk/pkg/utils/retries.go
  - internal/sdk/pkg/utils/security.go
  - internal/sdk/pkg/utils/utils.go
  - internal/validators/DateValidator.go
  - internal/validators/ExactlyOneChild.go
  - internal/validators/JSONParseValidator.go
  - internal/validators/RFC3339Validator.go
  - internal/validators/boolvalidators/not_null.go
  - internal/validators/float64validators/not_null.go
  - internal/validators/int64validators/not_null.go
  - internal/validators/listvalidators/not_null.go
  - internal/validators/mapvalidators/not_null.go
  - internal/validators/numbervalidators/not_null.go
  - internal/validators/objectvalidators/not_null.go
  - internal/validators/setvalidators/not_null.go
  - internal/validators/stringvalidators/not_null.go
  - main.go
  - terraform-registry-manifest.json
  - tools/tools.go
  - internal/sdk/pkg/models/operations/deleteapiv1annotationlayer.go
  - internal/sdk/pkg/models/operations/deleteapiv1annotationlayerannotationlayerid.go
  - internal/sdk/pkg/models/operations/deleteapiv1annotationlayerannotationlayeridannotation.go
  - internal/sdk/pkg/models/operations/deleteapiv1annotationlayerannotationlayeridannotationannotationid.go
  - internal/sdk/pkg/models/operations/getapiv1annotationlayer.go
  - internal/sdk/pkg/models/operations/getapiv1annotationlayerannotationlayerid.go
  - internal/sdk/pkg/models/operations/getapiv1annotationlayerannotationlayeridannotation.go
  - internal/sdk/pkg/models/operations/getapiv1annotationlayerannotationlayeridannotationannotationid.go
  - internal/sdk/pkg/models/operations/postapiv1annotationlayer.go
  - internal/sdk/pkg/models/operations/postapiv1annotationlayerannotationlayeridannotation.go
  - internal/sdk/pkg/models/operations/putapiv1annotationlayerannotationlayerid.go
  - internal/sdk/pkg/models/operations/putapiv1annotationlayerannotationlayeridannotationannotationid.go
  - internal/sdk/pkg/models/operations/getapiv1assetsexport.go
  - internal/sdk/pkg/models/operations/postapiv1assetsimport.go
  - internal/sdk/pkg/models/operations/deleteapiv1chartchartid.go
  - internal/sdk/pkg/models/operations/getapiv1chart.go
  - internal/sdk/pkg/models/operations/getapiv1chartexport.go
  - internal/sdk/pkg/models/operations/getapiv1chartrelatedowners.go
  - internal/sdk/pkg/models/operations/getapiv1chartchartid.go
  - internal/sdk/pkg/models/operations/getapiv1chartchartidcachescreenshot.go
  - internal/sdk/pkg/models/operations/getapiv1chartchartiddata.go
  - internal/sdk/pkg/models/operations/postapiv1chart.go
  - internal/sdk/pkg/models/operations/postapiv1chartdata.go
  - internal/sdk/pkg/models/operations/postapiv1chartimport.go
  - internal/sdk/pkg/models/operations/putapiv1chartchartid.go
  - internal/sdk/pkg/models/operations/deleteapiv1dashboarddashboardid.go
  - internal/sdk/pkg/models/operations/getapiv1dashboard.go
  - internal/sdk/pkg/models/operations/getapiv1dashboardinfo.go
  - internal/sdk/pkg/models/operations/getapiv1dashboardexport.go
  - internal/sdk/pkg/models/operations/getapiv1dashboarddashboardid.go
  - internal/sdk/pkg/models/operations/getapiv1dashboarddashboardidcharts.go
  - internal/sdk/pkg/models/operations/getapiv1dashboarddashboardiddatasets.go
  - internal/sdk/pkg/models/operations/postapiv1dashboard.go
  - internal/sdk/pkg/models/operations/postapiv1dashboardimport.go
  - internal/sdk/pkg/models/operations/postapiv1dashboarddashboardidpermalink.go
  - internal/sdk/pkg/models/operations/putapiv1dashboarddashboardid.go
  - internal/sdk/pkg/models/operations/createdatabaseusingssh.go
  - internal/sdk/pkg/models/operations/getapiv1database.go
  - internal/sdk/pkg/models/operations/getapiv1databaseexport.go
  - internal/sdk/pkg/models/operations/getapiv1databasedatabaseid.go
  - internal/sdk/pkg/models/operations/getapiv1databasedatabaseidconnection.go
  - internal/sdk/pkg/models/operations/postapiv1database.go
  - internal/sdk/pkg/models/operations/postapiv1databaseimport.go
  - internal/sdk/pkg/models/operations/putapiv1databasedatabaseid.go
  - internal/sdk/pkg/models/operations/deleteapiv1datasetdatasetid.go
  - internal/sdk/pkg/models/operations/getapiv1dataset.go
  - internal/sdk/pkg/models/operations/getapiv1datasetexport.go
  - internal/sdk/pkg/models/operations/getapiv1datasetrelatedowners.go
  - internal/sdk/pkg/models/operations/getapiv1datasetdatasetid.go
  - internal/sdk/pkg/models/operations/postapiv1dataset.go
  - internal/sdk/pkg/models/operations/postapiv1datasetimport.go
  - internal/sdk/pkg/models/operations/putapiv1datasetdatasetid.go
  - internal/sdk/pkg/models/operations/putapiv1datasetdatasetidrefresh.go
  - internal/sdk/pkg/models/operations/getapiv1query.go
  - internal/sdk/pkg/models/operations/getapiv1report.go
  - internal/sdk/pkg/models/operations/getapiv1reportinfo.go
  - internal/sdk/pkg/models/operations/getapiv1reportalertidorreportid.go
  - internal/sdk/pkg/models/operations/postapiv1report.go
  - internal/sdk/pkg/models/operations/putapiv1reportalertidorreportid.go
  - internal/sdk/pkg/models/operations/postapiv1sqllabexecute.go
  - internal/sdk/pkg/models/operations/postapiv1teamsteamslugworkspacesworkspaceslugguesttoken.go
  - internal/sdk/pkg/models/operations/postv1auth.go
  - internal/sdk/pkg/models/operations/deletev1teamsteamsluginvitesinviteid.go
  - internal/sdk/pkg/models/operations/deletev1teamsteamslugmembershipsuserid.go
  - internal/sdk/pkg/models/operations/getv1teams.go
  - internal/sdk/pkg/models/operations/getv1teamsteamsluginvites.go
  - internal/sdk/pkg/models/operations/getv1teamsteamslugmemberships.go
  - internal/sdk/pkg/models/operations/patchv1teamsteamslugmembershipsuserid.go
  - internal/sdk/pkg/models/operations/postv1teamsteamsluginvites.go
  - internal/sdk/pkg/models/operations/postv1teamsteamsluginvitesmany.go
  - internal/sdk/pkg/models/operations/postv1teamsteamsluginvitesresendinviteid.go
  - internal/sdk/pkg/models/operations/putv1teamsteamslug.go
  - internal/sdk/pkg/models/operations/deletev1teamsteamslugpermissionspermissionname.go
  - internal/sdk/pkg/models/operations/deletev1teamsteamslugpermissionspermissionnamegrantees.go
  - internal/sdk/pkg/models/operations/getv1teamsteamslugpermissions.go
  - internal/sdk/pkg/models/operations/getv1teamsteamslugpermissionsresources.go
  - internal/sdk/pkg/models/operations/patchv1teamsteamslugpermissionspermissionname.go
  - internal/sdk/pkg/models/operations/postv1teamsteamslugpermissions.go
  - internal/sdk/pkg/models/operations/postv1teamsteamslugpermissionspermissionnamegrantees.go
  - internal/sdk/pkg/models/operations/getv1teamsteamslugworkspaces.go
  - internal/sdk/pkg/models/operations/getv1teamsteamslugworkspacesworkspaceidmemberships.go
  - internal/sdk/pkg/models/operations/postv1teamsteamslugworkspaces.go
  - internal/sdk/pkg/models/operations/putv1teamsteamslugworkspacesworkspaceidmembership.go
  - internal/sdk/pkg/models/shared/security.go
  - USAGE.md
  - internal/provider/provider.go
  - examples/provider/provider.tf
  - .gitattributes
